// !$*UTF8*$!
{
	archiveVersion = 1;
	classes = {
	};
	objectVersion = 51;
	objects = {

/* Begin PBXBuildFile section */
		64094F7C242E89FD00BB018D /* UserModel.swift in Sources */ = {isa = PBXBuildFile; fileRef = 64094F7B242E89FD00BB018D /* UserModel.swift */; };
		641DAFDD2424FAEF00BC0CAE /* CharacterViewModel.swift in Sources */ = {isa = PBXBuildFile; fileRef = 641DAFDC2424FAEF00BC0CAE /* CharacterViewModel.swift */; };
		641DAFDF2424FCA200BC0CAE /* CharacterModel.swift in Sources */ = {isa = PBXBuildFile; fileRef = 641DAFDE2424FCA200BC0CAE /* CharacterModel.swift */; };
		641DAFE12424FD6C00BC0CAE /* LocationModel.swift in Sources */ = {isa = PBXBuildFile; fileRef = 641DAFE02424FD6C00BC0CAE /* LocationModel.swift */; };
		641DAFE32424FDE300BC0CAE /* EpisodesModel.swift in Sources */ = {isa = PBXBuildFile; fileRef = 641DAFE22424FDE300BC0CAE /* EpisodesModel.swift */; };
		641DAFE62425003600BC0CAE /* API.swift in Sources */ = {isa = PBXBuildFile; fileRef = 641DAFE52425003600BC0CAE /* API.swift */; };
		641DAFE824250B7500BC0CAE /* LocationsModel.swift in Sources */ = {isa = PBXBuildFile; fileRef = 641DAFE724250B7500BC0CAE /* LocationsModel.swift */; };
		641DAFEA24250BB700BC0CAE /* CharactersModel.swift in Sources */ = {isa = PBXBuildFile; fileRef = 641DAFE924250BB700BC0CAE /* CharactersModel.swift */; };
		641DAFEC24250BE500BC0CAE /* EpisodeModel.swift in Sources */ = {isa = PBXBuildFile; fileRef = 641DAFEB24250BE500BC0CAE /* EpisodeModel.swift */; };
		64314EC5242BCC4A003D6EEB /* AppSettings.swift in Sources */ = {isa = PBXBuildFile; fileRef = 64314EC4242BCC4A003D6EEB /* AppSettings.swift */; };
		64317CEA24262FF100C05543 /* LocationViewCell.swift in Sources */ = {isa = PBXBuildFile; fileRef = 64317CE824262FF100C05543 /* LocationViewCell.swift */; };
		64317CEB24262FF100C05543 /* LocationViewCell.xib in Resources */ = {isa = PBXBuildFile; fileRef = 64317CE924262FF100C05543 /* LocationViewCell.xib */; };
		64317CED2426321B00C05543 /* LocationViewModel.swift in Sources */ = {isa = PBXBuildFile; fileRef = 64317CEC2426321B00C05543 /* LocationViewModel.swift */; };
		64317CEF24263A4300C05543 /* LocationDetailsViewModel.swift in Sources */ = {isa = PBXBuildFile; fileRef = 64317CEE24263A4300C05543 /* LocationDetailsViewModel.swift */; };
		64317CF124263B3200C05543 /* LocationDetailsViewController.swift in Sources */ = {isa = PBXBuildFile; fileRef = 64317CF024263B3200C05543 /* LocationDetailsViewController.swift */; };
		6434FC6A2425E52400B7025A /* CharacterDetailsViewController.swift in Sources */ = {isa = PBXBuildFile; fileRef = 6434FC692425E52400B7025A /* CharacterDetailsViewController.swift */; };
		6434FC6C2425E56E00B7025A /* CharacterDetailsViewModel.swift in Sources */ = {isa = PBXBuildFile; fileRef = 6434FC6B2425E56E00B7025A /* CharacterDetailsViewModel.swift */; };
		64516C21241E5A140057B000 /* GoogleService-Info.plist in Resources */ = {isa = PBXBuildFile; fileRef = 64516C20241E5A140057B000 /* GoogleService-Info.plist */; };
		64516C24241E65DF0057B000 /* AppCoordinator.swift in Sources */ = {isa = PBXBuildFile; fileRef = 64516C23241E65DF0057B000 /* AppCoordinator.swift */; };
		64516C2C241E6A710057B000 /* CoordinatorProtocol.swift in Sources */ = {isa = PBXBuildFile; fileRef = 64516C2B241E6A710057B000 /* CoordinatorProtocol.swift */; };
		64516C2E241E6B780057B000 /* LoginCoordinator.swift in Sources */ = {isa = PBXBuildFile; fileRef = 64516C2D241E6B780057B000 /* LoginCoordinator.swift */; };
		646603D024213D79004C6135 /* TransitionButton.swift in Sources */ = {isa = PBXBuildFile; fileRef = 646603CF24213D79004C6135 /* TransitionButton.swift */; };
		646603D224213D85004C6135 /* SpinerLayer.swift in Sources */ = {isa = PBXBuildFile; fileRef = 646603D124213D85004C6135 /* SpinerLayer.swift */; };
		646603D424213D96004C6135 /* FadeTransition.swift in Sources */ = {isa = PBXBuildFile; fileRef = 646603D324213D96004C6135 /* FadeTransition.swift */; };
		646603D624213DB1004C6135 /* CGRectExtension.swift in Sources */ = {isa = PBXBuildFile; fileRef = 646603D524213DB1004C6135 /* CGRectExtension.swift */; };
		646603D824214047004C6135 /* DesignTextField.swift in Sources */ = {isa = PBXBuildFile; fileRef = 646603D724214047004C6135 /* DesignTextField.swift */; };
		647E23A62422B3EF00B6D903 /* MainCoordinator.swift in Sources */ = {isa = PBXBuildFile; fileRef = 647E23A52422B3EF00B6D903 /* MainCoordinator.swift */; };
		647E23B52422B61A00B6D903 /* Character.storyboard in Resources */ = {isa = PBXBuildFile; fileRef = 647E23B42422B61A00B6D903 /* Character.storyboard */; };
		647E23B72422B62600B6D903 /* Location.storyboard in Resources */ = {isa = PBXBuildFile; fileRef = 647E23B62422B62600B6D903 /* Location.storyboard */; };
		647E23BA2422B63700B6D903 /* Episodes.storyboard in Resources */ = {isa = PBXBuildFile; fileRef = 647E23B92422B63700B6D903 /* Episodes.storyboard */; };
		647E23BC2422B64900B6D903 /* Profile.storyboard in Resources */ = {isa = PBXBuildFile; fileRef = 647E23BB2422B64900B6D903 /* Profile.storyboard */; };
		647E23C22422C3F000B6D903 /* CharacterCoordinator.swift in Sources */ = {isa = PBXBuildFile; fileRef = 647E23C12422C3F000B6D903 /* CharacterCoordinator.swift */; };
		647E23C42422C8D500B6D903 /* LocationCoordinator.swift in Sources */ = {isa = PBXBuildFile; fileRef = 647E23C32422C8D500B6D903 /* LocationCoordinator.swift */; };
		647E23C62422C8E500B6D903 /* EpisodesCoordinator.swift in Sources */ = {isa = PBXBuildFile; fileRef = 647E23C52422C8E500B6D903 /* EpisodesCoordinator.swift */; };
		647E23C82422C8F000B6D903 /* ProfileCoordinator.swift in Sources */ = {isa = PBXBuildFile; fileRef = 647E23C72422C8F000B6D903 /* ProfileCoordinator.swift */; };
		64AEED882423F096003EDC76 /* CharacterViewController.swift in Sources */ = {isa = PBXBuildFile; fileRef = 64AEED872423F096003EDC76 /* CharacterViewController.swift */; };
		64AEED8A2423F5ED003EDC76 /* LocationViewController.swift in Sources */ = {isa = PBXBuildFile; fileRef = 64AEED892423F5ED003EDC76 /* LocationViewController.swift */; };
		64AEED8C2423F60D003EDC76 /* EpisodesViewController.swift in Sources */ = {isa = PBXBuildFile; fileRef = 64AEED8B2423F60D003EDC76 /* EpisodesViewController.swift */; };
		64AEED8E2423F8A3003EDC76 /* ProfileViewController.swift in Sources */ = {isa = PBXBuildFile; fileRef = 64AEED8D2423F8A3003EDC76 /* ProfileViewController.swift */; };
		64C02BF9242E531A001DA221 /* ProfileViewModel.swift in Sources */ = {isa = PBXBuildFile; fileRef = 64C02BF8242E531A001DA221 /* ProfileViewModel.swift */; };
		64C326AC241E6F8300B7EDB7 /* Extensions.swift in Sources */ = {isa = PBXBuildFile; fileRef = 64C326AB241E6F8300B7EDB7 /* Extensions.swift */; };
		64C326AE241E723300B7EDB7 /* LoginViewController.swift in Sources */ = {isa = PBXBuildFile; fileRef = 64C326AD241E723300B7EDB7 /* LoginViewController.swift */; };
		64C326B0241E725E00B7EDB7 /* EmailViewModel.swift in Sources */ = {isa = PBXBuildFile; fileRef = 64C326AF241E725E00B7EDB7 /* EmailViewModel.swift */; };
		64C326B2241E764900B7EDB7 /* LoginModel.swift in Sources */ = {isa = PBXBuildFile; fileRef = 64C326B1241E764900B7EDB7 /* LoginModel.swift */; };
		64C326B4241E76CC00B7EDB7 /* ValidationViewModelProtocol.swift in Sources */ = {isa = PBXBuildFile; fileRef = 64C326B3241E76CC00B7EDB7 /* ValidationViewModelProtocol.swift */; };
		64C326B6241E77FE00B7EDB7 /* PasswordViewModel.swift in Sources */ = {isa = PBXBuildFile; fileRef = 64C326B5241E77FE00B7EDB7 /* PasswordViewModel.swift */; };
		64C326B8241E7BE700B7EDB7 /* LoginViewModel.swift in Sources */ = {isa = PBXBuildFile; fileRef = 64C326B7241E7BE700B7EDB7 /* LoginViewModel.swift */; };
		64C3DE8124264C740076E2FF /* EpisodeViewCell.swift in Sources */ = {isa = PBXBuildFile; fileRef = 64C3DE7F24264C740076E2FF /* EpisodeViewCell.swift */; };
		64C3DE8224264C740076E2FF /* EpisodeViewCell.xib in Resources */ = {isa = PBXBuildFile; fileRef = 64C3DE8024264C740076E2FF /* EpisodeViewCell.xib */; };
		64C3DE8424264E5C0076E2FF /* EpisodeViewModel.swift in Sources */ = {isa = PBXBuildFile; fileRef = 64C3DE8324264E5C0076E2FF /* EpisodeViewModel.swift */; };
		64C3DE8624264F400076E2FF /* EpisodeDetailsViewModel.swift in Sources */ = {isa = PBXBuildFile; fileRef = 64C3DE8524264F400076E2FF /* EpisodeDetailsViewModel.swift */; };
		64C3DE88242651770076E2FF /* EpisodeDetailsViewController.swift in Sources */ = {isa = PBXBuildFile; fileRef = 64C3DE87242651770076E2FF /* EpisodeDetailsViewController.swift */; };
		64C433B0241D077700BD9F18 /* AppDelegate.swift in Sources */ = {isa = PBXBuildFile; fileRef = 64C433AF241D077700BD9F18 /* AppDelegate.swift */; };
		64C433B7241D077700BD9F18 /* Login.storyboard in Resources */ = {isa = PBXBuildFile; fileRef = 64C433B5241D077700BD9F18 /* Login.storyboard */; };
		64C433B9241D077900BD9F18 /* Assets.xcassets in Resources */ = {isa = PBXBuildFile; fileRef = 64C433B8241D077900BD9F18 /* Assets.xcassets */; };
		64C433BC241D077900BD9F18 /* LaunchScreen.storyboard in Resources */ = {isa = PBXBuildFile; fileRef = 64C433BA241D077900BD9F18 /* LaunchScreen.storyboard */; };
		64E77F6B24254E0C007CDD68 /* CharacterViewCell.swift in Sources */ = {isa = PBXBuildFile; fileRef = 64E77F6924254E0C007CDD68 /* CharacterViewCell.swift */; };
		64E77F6C24254E0C007CDD68 /* CharacterViewCell.xib in Resources */ = {isa = PBXBuildFile; fileRef = 64E77F6A24254E0C007CDD68 /* CharacterViewCell.xib */; };
		6535F11B65F44DEBE0EF5B69 /* Pods_Rick_And_Morty.framework in Frameworks */ = {isa = PBXBuildFile; fileRef = FAA81BC8FAAFDAD4B2A25D4B /* Pods_Rick_And_Morty.framework */; };
/* End PBXBuildFile section */

/* Begin PBXFileReference section */
		3536ACF0184434918362029F /* Pods-Rick And Morty.release.xcconfig */ = {isa = PBXFileReference; includeInIndex = 1; lastKnownFileType = text.xcconfig; name = "Pods-Rick And Morty.release.xcconfig"; path = "Target Support Files/Pods-Rick And Morty/Pods-Rick And Morty.release.xcconfig"; sourceTree = "<group>"; };
		64094F7B242E89FD00BB018D /* UserModel.swift */ = {isa = PBXFileReference; lastKnownFileType = sourcecode.swift; path = UserModel.swift; sourceTree = "<group>"; };
		641DAFDC2424FAEF00BC0CAE /* CharacterViewModel.swift */ = {isa = PBXFileReference; lastKnownFileType = sourcecode.swift; path = CharacterViewModel.swift; sourceTree = "<group>"; };
		641DAFDE2424FCA200BC0CAE /* CharacterModel.swift */ = {isa = PBXFileReference; lastKnownFileType = sourcecode.swift; path = CharacterModel.swift; sourceTree = "<group>"; };
		641DAFE02424FD6C00BC0CAE /* LocationModel.swift */ = {isa = PBXFileReference; lastKnownFileType = sourcecode.swift; path = LocationModel.swift; sourceTree = "<group>"; };
		641DAFE22424FDE300BC0CAE /* EpisodesModel.swift */ = {isa = PBXFileReference; lastKnownFileType = sourcecode.swift; path = EpisodesModel.swift; sourceTree = "<group>"; };
		641DAFE52425003600BC0CAE /* API.swift */ = {isa = PBXFileReference; lastKnownFileType = sourcecode.swift; path = API.swift; sourceTree = "<group>"; };
		641DAFE724250B7500BC0CAE /* LocationsModel.swift */ = {isa = PBXFileReference; lastKnownFileType = sourcecode.swift; path = LocationsModel.swift; sourceTree = "<group>"; };
		641DAFE924250BB700BC0CAE /* CharactersModel.swift */ = {isa = PBXFileReference; lastKnownFileType = sourcecode.swift; path = CharactersModel.swift; sourceTree = "<group>"; };
		641DAFEB24250BE500BC0CAE /* EpisodeModel.swift */ = {isa = PBXFileReference; lastKnownFileType = sourcecode.swift; path = EpisodeModel.swift; sourceTree = "<group>"; };
		64314EC4242BCC4A003D6EEB /* AppSettings.swift */ = {isa = PBXFileReference; lastKnownFileType = sourcecode.swift; path = AppSettings.swift; sourceTree = "<group>"; };
		64317CE824262FF100C05543 /* LocationViewCell.swift */ = {isa = PBXFileReference; lastKnownFileType = sourcecode.swift; path = LocationViewCell.swift; sourceTree = "<group>"; };
		64317CE924262FF100C05543 /* LocationViewCell.xib */ = {isa = PBXFileReference; lastKnownFileType = file.xib; path = LocationViewCell.xib; sourceTree = "<group>"; };
		64317CEC2426321B00C05543 /* LocationViewModel.swift */ = {isa = PBXFileReference; lastKnownFileType = sourcecode.swift; path = LocationViewModel.swift; sourceTree = "<group>"; };
		64317CEE24263A4300C05543 /* LocationDetailsViewModel.swift */ = {isa = PBXFileReference; lastKnownFileType = sourcecode.swift; path = LocationDetailsViewModel.swift; sourceTree = "<group>"; };
		64317CF024263B3200C05543 /* LocationDetailsViewController.swift */ = {isa = PBXFileReference; lastKnownFileType = sourcecode.swift; path = LocationDetailsViewController.swift; sourceTree = "<group>"; };
		6434FC692425E52400B7025A /* CharacterDetailsViewController.swift */ = {isa = PBXFileReference; lastKnownFileType = sourcecode.swift; path = CharacterDetailsViewController.swift; sourceTree = "<group>"; };
		6434FC6B2425E56E00B7025A /* CharacterDetailsViewModel.swift */ = {isa = PBXFileReference; lastKnownFileType = sourcecode.swift; path = CharacterDetailsViewModel.swift; sourceTree = "<group>"; };
		64516C20241E5A140057B000 /* GoogleService-Info.plist */ = {isa = PBXFileReference; fileEncoding = 4; lastKnownFileType = text.plist.xml; path = "GoogleService-Info.plist"; sourceTree = "<group>"; };
		64516C23241E65DF0057B000 /* AppCoordinator.swift */ = {isa = PBXFileReference; lastKnownFileType = sourcecode.swift; path = AppCoordinator.swift; sourceTree = "<group>"; };
		64516C2B241E6A710057B000 /* CoordinatorProtocol.swift */ = {isa = PBXFileReference; lastKnownFileType = sourcecode.swift; path = CoordinatorProtocol.swift; sourceTree = "<group>"; };
		64516C2D241E6B780057B000 /* LoginCoordinator.swift */ = {isa = PBXFileReference; lastKnownFileType = sourcecode.swift; path = LoginCoordinator.swift; sourceTree = "<group>"; };
		646603CF24213D79004C6135 /* TransitionButton.swift */ = {isa = PBXFileReference; lastKnownFileType = sourcecode.swift; path = TransitionButton.swift; sourceTree = "<group>"; };
		646603D124213D85004C6135 /* SpinerLayer.swift */ = {isa = PBXFileReference; lastKnownFileType = sourcecode.swift; path = SpinerLayer.swift; sourceTree = "<group>"; };
		646603D324213D96004C6135 /* FadeTransition.swift */ = {isa = PBXFileReference; lastKnownFileType = sourcecode.swift; path = FadeTransition.swift; sourceTree = "<group>"; };
		646603D524213DB1004C6135 /* CGRectExtension.swift */ = {isa = PBXFileReference; lastKnownFileType = sourcecode.swift; path = CGRectExtension.swift; sourceTree = "<group>"; };
		646603D724214047004C6135 /* DesignTextField.swift */ = {isa = PBXFileReference; lastKnownFileType = sourcecode.swift; path = DesignTextField.swift; sourceTree = "<group>"; };
		647E23A52422B3EF00B6D903 /* MainCoordinator.swift */ = {isa = PBXFileReference; lastKnownFileType = sourcecode.swift; path = MainCoordinator.swift; sourceTree = "<group>"; };
		647E23B42422B61A00B6D903 /* Character.storyboard */ = {isa = PBXFileReference; lastKnownFileType = file.storyboard; path = Character.storyboard; sourceTree = "<group>"; };
		647E23B62422B62600B6D903 /* Location.storyboard */ = {isa = PBXFileReference; lastKnownFileType = file.storyboard; path = Location.storyboard; sourceTree = "<group>"; };
		647E23B92422B63700B6D903 /* Episodes.storyboard */ = {isa = PBXFileReference; lastKnownFileType = file.storyboard; path = Episodes.storyboard; sourceTree = "<group>"; };
		647E23BB2422B64900B6D903 /* Profile.storyboard */ = {isa = PBXFileReference; lastKnownFileType = file.storyboard; path = Profile.storyboard; sourceTree = "<group>"; };
		647E23C12422C3F000B6D903 /* CharacterCoordinator.swift */ = {isa = PBXFileReference; lastKnownFileType = sourcecode.swift; path = CharacterCoordinator.swift; sourceTree = "<group>"; };
		647E23C32422C8D500B6D903 /* LocationCoordinator.swift */ = {isa = PBXFileReference; lastKnownFileType = sourcecode.swift; path = LocationCoordinator.swift; sourceTree = "<group>"; };
		647E23C52422C8E500B6D903 /* EpisodesCoordinator.swift */ = {isa = PBXFileReference; lastKnownFileType = sourcecode.swift; path = EpisodesCoordinator.swift; sourceTree = "<group>"; };
		647E23C72422C8F000B6D903 /* ProfileCoordinator.swift */ = {isa = PBXFileReference; lastKnownFileType = sourcecode.swift; path = ProfileCoordinator.swift; sourceTree = "<group>"; };
		64AEED872423F096003EDC76 /* CharacterViewController.swift */ = {isa = PBXFileReference; lastKnownFileType = sourcecode.swift; path = CharacterViewController.swift; sourceTree = "<group>"; };
		64AEED892423F5ED003EDC76 /* LocationViewController.swift */ = {isa = PBXFileReference; lastKnownFileType = sourcecode.swift; path = LocationViewController.swift; sourceTree = "<group>"; };
		64AEED8B2423F60D003EDC76 /* EpisodesViewController.swift */ = {isa = PBXFileReference; lastKnownFileType = sourcecode.swift; path = EpisodesViewController.swift; sourceTree = "<group>"; };
		64AEED8D2423F8A3003EDC76 /* ProfileViewController.swift */ = {isa = PBXFileReference; lastKnownFileType = sourcecode.swift; path = ProfileViewController.swift; sourceTree = "<group>"; };
		64C02BF8242E531A001DA221 /* ProfileViewModel.swift */ = {isa = PBXFileReference; lastKnownFileType = sourcecode.swift; path = ProfileViewModel.swift; sourceTree = "<group>"; };
		64C326AB241E6F8300B7EDB7 /* Extensions.swift */ = {isa = PBXFileReference; lastKnownFileType = sourcecode.swift; path = Extensions.swift; sourceTree = "<group>"; };
		64C326AD241E723300B7EDB7 /* LoginViewController.swift */ = {isa = PBXFileReference; lastKnownFileType = sourcecode.swift; path = LoginViewController.swift; sourceTree = "<group>"; };
		64C326AF241E725E00B7EDB7 /* EmailViewModel.swift */ = {isa = PBXFileReference; lastKnownFileType = sourcecode.swift; path = EmailViewModel.swift; sourceTree = "<group>"; };
		64C326B1241E764900B7EDB7 /* LoginModel.swift */ = {isa = PBXFileReference; lastKnownFileType = sourcecode.swift; path = LoginModel.swift; sourceTree = "<group>"; };
		64C326B3241E76CC00B7EDB7 /* ValidationViewModelProtocol.swift */ = {isa = PBXFileReference; lastKnownFileType = sourcecode.swift; path = ValidationViewModelProtocol.swift; sourceTree = "<group>"; };
		64C326B5241E77FE00B7EDB7 /* PasswordViewModel.swift */ = {isa = PBXFileReference; lastKnownFileType = sourcecode.swift; path = PasswordViewModel.swift; sourceTree = "<group>"; };
		64C326B7241E7BE700B7EDB7 /* LoginViewModel.swift */ = {isa = PBXFileReference; lastKnownFileType = sourcecode.swift; path = LoginViewModel.swift; sourceTree = "<group>"; };
		64C3DE7F24264C740076E2FF /* EpisodeViewCell.swift */ = {isa = PBXFileReference; lastKnownFileType = sourcecode.swift; path = EpisodeViewCell.swift; sourceTree = "<group>"; };
		64C3DE8024264C740076E2FF /* EpisodeViewCell.xib */ = {isa = PBXFileReference; lastKnownFileType = file.xib; path = EpisodeViewCell.xib; sourceTree = "<group>"; };
		64C3DE8324264E5C0076E2FF /* EpisodeViewModel.swift */ = {isa = PBXFileReference; lastKnownFileType = sourcecode.swift; path = EpisodeViewModel.swift; sourceTree = "<group>"; };
		64C3DE8524264F400076E2FF /* EpisodeDetailsViewModel.swift */ = {isa = PBXFileReference; lastKnownFileType = sourcecode.swift; path = EpisodeDetailsViewModel.swift; sourceTree = "<group>"; };
		64C3DE87242651770076E2FF /* EpisodeDetailsViewController.swift */ = {isa = PBXFileReference; lastKnownFileType = sourcecode.swift; path = EpisodeDetailsViewController.swift; sourceTree = "<group>"; };
		64C433AC241D077700BD9F18 /* Rick And Morty.app */ = {isa = PBXFileReference; explicitFileType = wrapper.application; includeInIndex = 0; path = "Rick And Morty.app"; sourceTree = BUILT_PRODUCTS_DIR; };
		64C433AF241D077700BD9F18 /* AppDelegate.swift */ = {isa = PBXFileReference; lastKnownFileType = sourcecode.swift; path = AppDelegate.swift; sourceTree = "<group>"; };
		64C433B6241D077700BD9F18 /* Base */ = {isa = PBXFileReference; lastKnownFileType = file.storyboard; name = Base; path = Base.lproj/Login.storyboard; sourceTree = "<group>"; };
		64C433B8241D077900BD9F18 /* Assets.xcassets */ = {isa = PBXFileReference; lastKnownFileType = folder.assetcatalog; path = Assets.xcassets; sourceTree = "<group>"; };
		64C433BB241D077900BD9F18 /* Base */ = {isa = PBXFileReference; lastKnownFileType = file.storyboard; name = Base; path = Base.lproj/LaunchScreen.storyboard; sourceTree = "<group>"; };
		64C433BD241D077900BD9F18 /* Info.plist */ = {isa = PBXFileReference; lastKnownFileType = text.plist.xml; path = Info.plist; sourceTree = "<group>"; };
		64E77F6924254E0C007CDD68 /* CharacterViewCell.swift */ = {isa = PBXFileReference; lastKnownFileType = sourcecode.swift; path = CharacterViewCell.swift; sourceTree = "<group>"; };
		64E77F6A24254E0C007CDD68 /* CharacterViewCell.xib */ = {isa = PBXFileReference; lastKnownFileType = file.xib; path = CharacterViewCell.xib; sourceTree = "<group>"; };
		EA7F97EE1314C4D605731EDE /* Pods-Rick And Morty.debug.xcconfig */ = {isa = PBXFileReference; includeInIndex = 1; lastKnownFileType = text.xcconfig; name = "Pods-Rick And Morty.debug.xcconfig"; path = "Target Support Files/Pods-Rick And Morty/Pods-Rick And Morty.debug.xcconfig"; sourceTree = "<group>"; };
		FAA81BC8FAAFDAD4B2A25D4B /* Pods_Rick_And_Morty.framework */ = {isa = PBXFileReference; explicitFileType = wrapper.framework; includeInIndex = 0; path = Pods_Rick_And_Morty.framework; sourceTree = BUILT_PRODUCTS_DIR; };
/* End PBXFileReference section */

/* Begin PBXFrameworksBuildPhase section */
		64C433A9241D077700BD9F18 /* Frameworks */ = {
			isa = PBXFrameworksBuildPhase;
			buildActionMask = 2147483647;
			files = (
				6535F11B65F44DEBE0EF5B69 /* Pods_Rick_And_Morty.framework in Frameworks */,
			);
			runOnlyForDeploymentPostprocessing = 0;
		};
/* End PBXFrameworksBuildPhase section */

/* Begin PBXGroup section */
		641DAFE42425002600BC0CAE /* Network */ = {
			isa = PBXGroup;
			children = (
				641DAFE52425003600BC0CAE /* API.swift */,
			);
			path = Network;
			sourceTree = "<group>";
		};
		641DAFED242511E500BC0CAE /* Cells */ = {
			isa = PBXGroup;
			children = (
				641DAFF02425122500BC0CAE /* Character */,
				64317CE724262FC500C05543 /* Location */,
				64C3DE7E24264C530076E2FF /* Episode */,
			);
			path = Cells;
			sourceTree = "<group>";
		};
		641DAFF02425122500BC0CAE /* Character */ = {
			isa = PBXGroup;
			children = (
				64E77F6924254E0C007CDD68 /* CharacterViewCell.swift */,
				64E77F6A24254E0C007CDD68 /* CharacterViewCell.xib */,
			);
			path = Character;
			sourceTree = "<group>";
		};
		64317CE724262FC500C05543 /* Location */ = {
			isa = PBXGroup;
			children = (
				64317CE824262FF100C05543 /* LocationViewCell.swift */,
				64317CE924262FF100C05543 /* LocationViewCell.xib */,
			);
			path = Location;
			sourceTree = "<group>";
		};
		64516C22241E65C90057B000 /* App */ = {
			isa = PBXGroup;
			children = (
				64516C23241E65DF0057B000 /* AppCoordinator.swift */,
				64C433AF241D077700BD9F18 /* AppDelegate.swift */,
				64314EC4242BCC4A003D6EEB /* AppSettings.swift */,
			);
			path = App;
			sourceTree = "<group>";
		};
		64516C27241E69370057B000 /* Modules */ = {
			isa = PBXGroup;
			children = (
				647E239F2422A37200B6D903 /* Main */,
				64516C29241E69880057B000 /* Login */,
			);
			path = Modules;
			sourceTree = "<group>";
		};
		64516C28241E694D0057B000 /* Resources */ = {
			isa = PBXGroup;
			children = (
				64C433BA241D077900BD9F18 /* LaunchScreen.storyboard */,
				64C433B8241D077900BD9F18 /* Assets.xcassets */,
				64C433BD241D077900BD9F18 /* Info.plist */,
				64516C20241E5A140057B000 /* GoogleService-Info.plist */,
			);
			path = Resources;
			sourceTree = "<group>";
		};
		64516C29241E69880057B000 /* Login */ = {
			isa = PBXGroup;
			children = (
				64C433B5241D077700BD9F18 /* Login.storyboard */,
				64516C2F241E6B7F0057B000 /* Coordinator */,
				64516C31241E6BA70057B000 /* Controller */,
				64516C32241E6BBA0057B000 /* ViewModels */,
				64516C30241E6B8E0057B000 /* Models */,
			);
			path = Login;
			sourceTree = "<group>";
		};
		64516C2A241E6A550057B000 /* Protocols */ = {
			isa = PBXGroup;
			children = (
				64516C2B241E6A710057B000 /* CoordinatorProtocol.swift */,
				64C326B3241E76CC00B7EDB7 /* ValidationViewModelProtocol.swift */,
			);
			path = Protocols;
			sourceTree = "<group>";
		};
		64516C2F241E6B7F0057B000 /* Coordinator */ = {
			isa = PBXGroup;
			children = (
				64516C2D241E6B780057B000 /* LoginCoordinator.swift */,
			);
			path = Coordinator;
			sourceTree = "<group>";
		};
		64516C30241E6B8E0057B000 /* Models */ = {
			isa = PBXGroup;
			children = (
				64C326B1241E764900B7EDB7 /* LoginModel.swift */,
			);
			path = Models;
			sourceTree = "<group>";
		};
		64516C31241E6BA70057B000 /* Controller */ = {
			isa = PBXGroup;
			children = (
				64C326AD241E723300B7EDB7 /* LoginViewController.swift */,
			);
			path = Controller;
			sourceTree = "<group>";
		};
		64516C32241E6BBA0057B000 /* ViewModels */ = {
			isa = PBXGroup;
			children = (
				64C326AF241E725E00B7EDB7 /* EmailViewModel.swift */,
				64C326B5241E77FE00B7EDB7 /* PasswordViewModel.swift */,
				64C326B7241E7BE700B7EDB7 /* LoginViewModel.swift */,
			);
			path = ViewModels;
			sourceTree = "<group>";
		};
		646603CB24213C9F004C6135 /* UI */ = {
			isa = PBXGroup;
			children = (
				641DAFED242511E500BC0CAE /* Cells */,
				646603CE24213D57004C6135 /* TransitionButton */,
				646603D724214047004C6135 /* DesignTextField.swift */,
			);
			path = UI;
			sourceTree = "<group>";
		};
		646603CE24213D57004C6135 /* TransitionButton */ = {
			isa = PBXGroup;
			children = (
				646603CF24213D79004C6135 /* TransitionButton.swift */,
				646603D124213D85004C6135 /* SpinerLayer.swift */,
				646603D324213D96004C6135 /* FadeTransition.swift */,
				646603D524213DB1004C6135 /* CGRectExtension.swift */,
			);
			path = TransitionButton;
			sourceTree = "<group>";
		};
		647E239F2422A37200B6D903 /* Main */ = {
			isa = PBXGroup;
			children = (
				647E23A42422B3D000B6D903 /* Coordinator */,
				647E23A02422B37600B6D903 /* Character */,
				647E23A32422B3BB00B6D903 /* Location */,
				647E23A22422B3B800B6D903 /* Episode */,
				647E23A12422B3B300B6D903 /* Profile */,
			);
			path = Main;
			sourceTree = "<group>";
		};
		647E23A02422B37600B6D903 /* Character */ = {
			isa = PBXGroup;
			children = (
				647E23BD2422C38A00B6D903 /* Coordinator */,
				647E23AF2422B5B900B6D903 /* Controller */,
				647E23B32422B5D100B6D903 /* ViewModels */,
				647E23AA2422B5A400B6D903 /* Models */,
				647E23B42422B61A00B6D903 /* Character.storyboard */,
			);
			path = Character;
			sourceTree = "<group>";
		};
		647E23A12422B3B300B6D903 /* Profile */ = {
			isa = PBXGroup;
			children = (
				647E23C02422C3A200B6D903 /* Coordinator */,
				647E23AB2422B5AA00B6D903 /* Controller */,
				647E23B02422B5BF00B6D903 /* ViewModels */,
				647E23A72422B58E00B6D903 /* Models */,
				647E23BB2422B64900B6D903 /* Profile.storyboard */,
			);
			path = Profile;
			sourceTree = "<group>";
		};
		647E23A22422B3B800B6D903 /* Episode */ = {
			isa = PBXGroup;
			children = (
				647E23BF2422C39E00B6D903 /* Coordinator */,
				647E23AD2422B5B200B6D903 /* Controller */,
				647E23B12422B5CB00B6D903 /* ViewModels */,
				647E23A82422B59900B6D903 /* Models */,
				647E23B92422B63700B6D903 /* Episodes.storyboard */,
			);
			path = Episode;
			sourceTree = "<group>";
		};
		647E23A32422B3BB00B6D903 /* Location */ = {
			isa = PBXGroup;
			children = (
				647E23BE2422C39A00B6D903 /* Coordinator */,
				647E23AE2422B5B600B6D903 /* Controller */,
				647E23B22422B5CE00B6D903 /* ViewModels */,
				647E23A92422B5A000B6D903 /* Models */,
				647E23B62422B62600B6D903 /* Location.storyboard */,
			);
			path = Location;
			sourceTree = "<group>";
		};
		647E23A42422B3D000B6D903 /* Coordinator */ = {
			isa = PBXGroup;
			children = (
				647E23A52422B3EF00B6D903 /* MainCoordinator.swift */,
			);
			path = Coordinator;
			sourceTree = "<group>";
		};
		647E23A72422B58E00B6D903 /* Models */ = {
			isa = PBXGroup;
			children = (
				64094F7B242E89FD00BB018D /* UserModel.swift */,
			);
			path = Models;
			sourceTree = "<group>";
		};
		647E23A82422B59900B6D903 /* Models */ = {
			isa = PBXGroup;
			children = (
				641DAFE22424FDE300BC0CAE /* EpisodesModel.swift */,
				641DAFEB24250BE500BC0CAE /* EpisodeModel.swift */,
			);
			path = Models;
			sourceTree = "<group>";
		};
		647E23A92422B5A000B6D903 /* Models */ = {
			isa = PBXGroup;
			children = (
				641DAFE724250B7500BC0CAE /* LocationsModel.swift */,
				641DAFE02424FD6C00BC0CAE /* LocationModel.swift */,
			);
			path = Models;
			sourceTree = "<group>";
		};
		647E23AA2422B5A400B6D903 /* Models */ = {
			isa = PBXGroup;
			children = (
				641DAFE924250BB700BC0CAE /* CharactersModel.swift */,
				641DAFDE2424FCA200BC0CAE /* CharacterModel.swift */,
			);
			path = Models;
			sourceTree = "<group>";
		};
		647E23AB2422B5AA00B6D903 /* Controller */ = {
			isa = PBXGroup;
			children = (
				64AEED8D2423F8A3003EDC76 /* ProfileViewController.swift */,
			);
			path = Controller;
			sourceTree = "<group>";
		};
		647E23AD2422B5B200B6D903 /* Controller */ = {
			isa = PBXGroup;
			children = (
				64AEED8B2423F60D003EDC76 /* EpisodesViewController.swift */,
				64C3DE87242651770076E2FF /* EpisodeDetailsViewController.swift */,
			);
			path = Controller;
			sourceTree = "<group>";
		};
		647E23AE2422B5B600B6D903 /* Controller */ = {
			isa = PBXGroup;
			children = (
				64AEED892423F5ED003EDC76 /* LocationViewController.swift */,
				64317CF024263B3200C05543 /* LocationDetailsViewController.swift */,
			);
			path = Controller;
			sourceTree = "<group>";
		};
		647E23AF2422B5B900B6D903 /* Controller */ = {
			isa = PBXGroup;
			children = (
				64AEED872423F096003EDC76 /* CharacterViewController.swift */,
				6434FC692425E52400B7025A /* CharacterDetailsViewController.swift */,
			);
			path = Controller;
			sourceTree = "<group>";
		};
		647E23B02422B5BF00B6D903 /* ViewModels */ = {
			isa = PBXGroup;
			children = (
				64C02BF8242E531A001DA221 /* ProfileViewModel.swift */,
			);
			path = ViewModels;
			sourceTree = "<group>";
		};
		647E23B12422B5CB00B6D903 /* ViewModels */ = {
			isa = PBXGroup;
			children = (
				64C3DE8324264E5C0076E2FF /* EpisodeViewModel.swift */,
				64C3DE8524264F400076E2FF /* EpisodeDetailsViewModel.swift */,
			);
			path = ViewModels;
			sourceTree = "<group>";
		};
		647E23B22422B5CE00B6D903 /* ViewModels */ = {
			isa = PBXGroup;
			children = (
				64317CEC2426321B00C05543 /* LocationViewModel.swift */,
				64317CEE24263A4300C05543 /* LocationDetailsViewModel.swift */,
			);
			path = ViewModels;
			sourceTree = "<group>";
		};
		647E23B32422B5D100B6D903 /* ViewModels */ = {
			isa = PBXGroup;
			children = (
				641DAFDC2424FAEF00BC0CAE /* CharacterViewModel.swift */,
				6434FC6B2425E56E00B7025A /* CharacterDetailsViewModel.swift */,
			);
			path = ViewModels;
			sourceTree = "<group>";
		};
		647E23BD2422C38A00B6D903 /* Coordinator */ = {
			isa = PBXGroup;
			children = (
				647E23C12422C3F000B6D903 /* CharacterCoordinator.swift */,
			);
			path = Coordinator;
			sourceTree = "<group>";
		};
		647E23BE2422C39A00B6D903 /* Coordinator */ = {
			isa = PBXGroup;
			children = (
				647E23C32422C8D500B6D903 /* LocationCoordinator.swift */,
			);
			path = Coordinator;
			sourceTree = "<group>";
		};
		647E23BF2422C39E00B6D903 /* Coordinator */ = {
			isa = PBXGroup;
			children = (
				647E23C52422C8E500B6D903 /* EpisodesCoordinator.swift */,
			);
			path = Coordinator;
			sourceTree = "<group>";
		};
		647E23C02422C3A200B6D903 /* Coordinator */ = {
			isa = PBXGroup;
			children = (
				647E23C72422C8F000B6D903 /* ProfileCoordinator.swift */,
			);
			path = Coordinator;
			sourceTree = "<group>";
		};
		64C326AA241E6F5500B7EDB7 /* Helpers */ = {
			isa = PBXGroup;
			children = (
				641DAFE42425002600BC0CAE /* Network */,
				646603CB24213C9F004C6135 /* UI */,
				64C326AB241E6F8300B7EDB7 /* Extensions.swift */,
			);
			path = Helpers;
			sourceTree = "<group>";
		};
		64C3DE7E24264C530076E2FF /* Episode */ = {
			isa = PBXGroup;
			children = (
				64C3DE7F24264C740076E2FF /* EpisodeViewCell.swift */,
				64C3DE8024264C740076E2FF /* EpisodeViewCell.xib */,
			);
			path = Episode;
			sourceTree = "<group>";
		};
		64C433A3241D077700BD9F18 = {
			isa = PBXGroup;
			children = (
				64C433AE241D077700BD9F18 /* Rick And Morty */,
				64C433AD241D077700BD9F18 /* Products */,
				F7BAB71BAD02F20C2CA6E591 /* Pods */,
				8A6F4DAF9E32A96DB734205F /* Frameworks */,
			);
			sourceTree = "<group>";
		};
		64C433AD241D077700BD9F18 /* Products */ = {
			isa = PBXGroup;
			children = (
				64C433AC241D077700BD9F18 /* Rick And Morty.app */,
			);
			name = Products;
			sourceTree = "<group>";
		};
		64C433AE241D077700BD9F18 /* Rick And Morty */ = {
			isa = PBXGroup;
			children = (
				64C326AA241E6F5500B7EDB7 /* Helpers */,
				64516C22241E65C90057B000 /* App */,
				64516C2A241E6A550057B000 /* Protocols */,
				64516C27241E69370057B000 /* Modules */,
				64516C28241E694D0057B000 /* Resources */,
			);
			path = "Rick And Morty";
			sourceTree = "<group>";
		};
		8A6F4DAF9E32A96DB734205F /* Frameworks */ = {
			isa = PBXGroup;
			children = (
				FAA81BC8FAAFDAD4B2A25D4B /* Pods_Rick_And_Morty.framework */,
			);
			name = Frameworks;
			sourceTree = "<group>";
		};
		F7BAB71BAD02F20C2CA6E591 /* Pods */ = {
			isa = PBXGroup;
			children = (
				EA7F97EE1314C4D605731EDE /* Pods-Rick And Morty.debug.xcconfig */,
				3536ACF0184434918362029F /* Pods-Rick And Morty.release.xcconfig */,
			);
			path = Pods;
			sourceTree = "<group>";
		};
/* End PBXGroup section */

/* Begin PBXNativeTarget section */
		64C433AB241D077700BD9F18 /* Rick And Morty */ = {
			isa = PBXNativeTarget;
			buildConfigurationList = 64C433C0241D077900BD9F18 /* Build configuration list for PBXNativeTarget "Rick And Morty" */;
			buildPhases = (
				2C23CCB8E6B4BC7F760B4BF1 /* [CP] Check Pods Manifest.lock */,
				64C433A8241D077700BD9F18 /* Sources */,
				64C433A9241D077700BD9F18 /* Frameworks */,
				64C433AA241D077700BD9F18 /* Resources */,
				AD17DC513BA24312DE60B576 /* [CP] Embed Pods Frameworks */,
			);
			buildRules = (
			);
			dependencies = (
			);
			name = "Rick And Morty";
			productName = "Rick And Morty";
			productReference = 64C433AC241D077700BD9F18 /* Rick And Morty.app */;
			productType = "com.apple.product-type.application";
		};
/* End PBXNativeTarget section */

/* Begin PBXProject section */
		64C433A4241D077700BD9F18 /* Project object */ = {
			isa = PBXProject;
			attributes = {
				LastSwiftUpdateCheck = 1130;
				LastUpgradeCheck = 1130;
				ORGANIZATIONNAME = SQILSOFT;
				TargetAttributes = {
					64C433AB241D077700BD9F18 = {
						CreatedOnToolsVersion = 11.3.1;
					};
				};
			};
			buildConfigurationList = 64C433A7241D077700BD9F18 /* Build configuration list for PBXProject "Rick And Morty" */;
			compatibilityVersion = "Xcode 9.3";
			developmentRegion = en;
			hasScannedForEncodings = 0;
			knownRegions = (
				en,
				Base,
			);
			mainGroup = 64C433A3241D077700BD9F18;
			productRefGroup = 64C433AD241D077700BD9F18 /* Products */;
			projectDirPath = "";
			projectRoot = "";
			targets = (
				64C433AB241D077700BD9F18 /* Rick And Morty */,
			);
		};
/* End PBXProject section */

/* Begin PBXResourcesBuildPhase section */
		64C433AA241D077700BD9F18 /* Resources */ = {
			isa = PBXResourcesBuildPhase;
			buildActionMask = 2147483647;
			files = (
				64E77F6C24254E0C007CDD68 /* CharacterViewCell.xib in Resources */,
				64C433BC241D077900BD9F18 /* LaunchScreen.storyboard in Resources */,
				647E23B52422B61A00B6D903 /* Character.storyboard in Resources */,
				647E23BC2422B64900B6D903 /* Profile.storyboard in Resources */,
				64C3DE8224264C740076E2FF /* EpisodeViewCell.xib in Resources */,
				64516C21241E5A140057B000 /* GoogleService-Info.plist in Resources */,
				64317CEB24262FF100C05543 /* LocationViewCell.xib in Resources */,
				647E23B72422B62600B6D903 /* Location.storyboard in Resources */,
				64C433B9241D077900BD9F18 /* Assets.xcassets in Resources */,
				647E23BA2422B63700B6D903 /* Episodes.storyboard in Resources */,
				64C433B7241D077700BD9F18 /* Login.storyboard in Resources */,
			);
			runOnlyForDeploymentPostprocessing = 0;
		};
/* End PBXResourcesBuildPhase section */

/* Begin PBXShellScriptBuildPhase section */
		2C23CCB8E6B4BC7F760B4BF1 /* [CP] Check Pods Manifest.lock */ = {
			isa = PBXShellScriptBuildPhase;
			buildActionMask = 2147483647;
			files = (
			);
			inputFileListPaths = (
			);
			inputPaths = (
				"${PODS_PODFILE_DIR_PATH}/Podfile.lock",
				"${PODS_ROOT}/Manifest.lock",
			);
			name = "[CP] Check Pods Manifest.lock";
			outputFileListPaths = (
			);
			outputPaths = (
				"$(DERIVED_FILE_DIR)/Pods-Rick And Morty-checkManifestLockResult.txt",
			);
			runOnlyForDeploymentPostprocessing = 0;
			shellPath = /bin/sh;
			shellScript = "diff \"${PODS_PODFILE_DIR_PATH}/Podfile.lock\" \"${PODS_ROOT}/Manifest.lock\" > /dev/null\nif [ $? != 0 ] ; then\n    # print error to STDERR\n    echo \"error: The sandbox is not in sync with the Podfile.lock. Run 'pod install' or update your CocoaPods installation.\" >&2\n    exit 1\nfi\n# This output is used by Xcode 'outputs' to avoid re-running this script phase.\necho \"SUCCESS\" > \"${SCRIPT_OUTPUT_FILE_0}\"\n";
			showEnvVarsInLog = 0;
		};
		AD17DC513BA24312DE60B576 /* [CP] Embed Pods Frameworks */ = {
			isa = PBXShellScriptBuildPhase;
			buildActionMask = 2147483647;
			files = (
			);
			inputFileListPaths = (
				"${PODS_ROOT}/Target Support Files/Pods-Rick And Morty/Pods-Rick And Morty-frameworks-${CONFIGURATION}-input-files.xcfilelist",
			);
			name = "[CP] Embed Pods Frameworks";
			outputFileListPaths = (
				"${PODS_ROOT}/Target Support Files/Pods-Rick And Morty/Pods-Rick And Morty-frameworks-${CONFIGURATION}-output-files.xcfilelist",
			);
			runOnlyForDeploymentPostprocessing = 0;
			shellPath = /bin/sh;
			shellScript = "\"${PODS_ROOT}/Target Support Files/Pods-Rick And Morty/Pods-Rick And Morty-frameworks.sh\"\n";
			showEnvVarsInLog = 0;
		};
/* End PBXShellScriptBuildPhase section */

/* Begin PBXSourcesBuildPhase section */
		64C433A8241D077700BD9F18 /* Sources */ = {
			isa = PBXSourcesBuildPhase;
			buildActionMask = 2147483647;
			files = (
				641DAFDF2424FCA200BC0CAE /* CharacterModel.swift in Sources */,
				641DAFEA24250BB700BC0CAE /* CharactersModel.swift in Sources */,
				64E77F6B24254E0C007CDD68 /* CharacterViewCell.swift in Sources */,
				64317CED2426321B00C05543 /* LocationViewModel.swift in Sources */,
				64317CF124263B3200C05543 /* LocationDetailsViewController.swift in Sources */,
				64317CEF24263A4300C05543 /* LocationDetailsViewModel.swift in Sources */,
				64AEED882423F096003EDC76 /* CharacterViewController.swift in Sources */,
				641DAFE824250B7500BC0CAE /* LocationsModel.swift in Sources */,
				6434FC6C2425E56E00B7025A /* CharacterDetailsViewModel.swift in Sources */,
				647E23A62422B3EF00B6D903 /* MainCoordinator.swift in Sources */,
				641DAFEC24250BE500BC0CAE /* EpisodeModel.swift in Sources */,
				6434FC6A2425E52400B7025A /* CharacterDetailsViewController.swift in Sources */,
				647E23C82422C8F000B6D903 /* ProfileCoordinator.swift in Sources */,
				641DAFE62425003600BC0CAE /* API.swift in Sources */,
				646603D624213DB1004C6135 /* CGRectExtension.swift in Sources */,
				646603D024213D79004C6135 /* TransitionButton.swift in Sources */,
				64C3DE8424264E5C0076E2FF /* EpisodeViewModel.swift in Sources */,
				64C326AE241E723300B7EDB7 /* LoginViewController.swift in Sources */,
				64094F7C242E89FD00BB018D /* UserModel.swift in Sources */,
				646603D824214047004C6135 /* DesignTextField.swift in Sources */,
				64516C24241E65DF0057B000 /* AppCoordinator.swift in Sources */,
				641DAFDD2424FAEF00BC0CAE /* CharacterViewModel.swift in Sources */,
				64C326B8241E7BE700B7EDB7 /* LoginViewModel.swift in Sources */,
				64C326B4241E76CC00B7EDB7 /* ValidationViewModelProtocol.swift in Sources */,
				64314EC5242BCC4A003D6EEB /* AppSettings.swift in Sources */,
				641DAFE12424FD6C00BC0CAE /* LocationModel.swift in Sources */,
				64C326AC241E6F8300B7EDB7 /* Extensions.swift in Sources */,
				647E23C42422C8D500B6D903 /* LocationCoordinator.swift in Sources */,
				64AEED8A2423F5ED003EDC76 /* LocationViewController.swift in Sources */,
				64C3DE88242651770076E2FF /* EpisodeDetailsViewController.swift in Sources */,
				646603D224213D85004C6135 /* SpinerLayer.swift in Sources */,
				64516C2E241E6B780057B000 /* LoginCoordinator.swift in Sources */,
				646603D424213D96004C6135 /* FadeTransition.swift in Sources */,
				64516C2C241E6A710057B000 /* CoordinatorProtocol.swift in Sources */,
				64C02BF9242E531A001DA221 /* ProfileViewModel.swift in Sources */,
				64C326B2241E764900B7EDB7 /* LoginModel.swift in Sources */,
				64317CEA24262FF100C05543 /* LocationViewCell.swift in Sources */,
				64AEED8C2423F60D003EDC76 /* EpisodesViewController.swift in Sources */,
				64C3DE8124264C740076E2FF /* EpisodeViewCell.swift in Sources */,
				641DAFE32424FDE300BC0CAE /* EpisodesModel.swift in Sources */,
				647E23C22422C3F000B6D903 /* CharacterCoordinator.swift in Sources */,
				64C433B0241D077700BD9F18 /* AppDelegate.swift in Sources */,
				64C3DE8624264F400076E2FF /* EpisodeDetailsViewModel.swift in Sources */,
				64C326B0241E725E00B7EDB7 /* EmailViewModel.swift in Sources */,
				64AEED8E2423F8A3003EDC76 /* ProfileViewController.swift in Sources */,
				64C326B6241E77FE00B7EDB7 /* PasswordViewModel.swift in Sources */,
				647E23C62422C8E500B6D903 /* EpisodesCoordinator.swift in Sources */,
			);
			runOnlyForDeploymentPostprocessing = 0;
		};
/* End PBXSourcesBuildPhase section */

/* Begin PBXVariantGroup section */
		64C433B5241D077700BD9F18 /* Login.storyboard */ = {
			isa = PBXVariantGroup;
			children = (
				64C433B6241D077700BD9F18 /* Base */,
			);
			name = Login.storyboard;
			sourceTree = "<group>";
		};
		64C433BA241D077900BD9F18 /* LaunchScreen.storyboard */ = {
			isa = PBXVariantGroup;
			children = (
				64C433BB241D077900BD9F18 /* Base */,
			);
			name = LaunchScreen.storyboard;
			sourceTree = "<group>";
		};
/* End PBXVariantGroup section */

/* Begin XCBuildConfiguration section */
		64C433BE241D077900BD9F18 /* Debug */ = {
			isa = XCBuildConfiguration;
			buildSettings = {
				ALWAYS_SEARCH_USER_PATHS = NO;
				CLANG_ANALYZER_NONNULL = YES;
				CLANG_ANALYZER_NUMBER_OBJECT_CONVERSION = YES_AGGRESSIVE;
				CLANG_CXX_LANGUAGE_STANDARD = "gnu++14";
				CLANG_CXX_LIBRARY = "libc++";
				CLANG_ENABLE_MODULES = YES;
				CLANG_ENABLE_OBJC_ARC = YES;
				CLANG_ENABLE_OBJC_WEAK = YES;
				CLANG_WARN_BLOCK_CAPTURE_AUTORELEASING = YES;
				CLANG_WARN_BOOL_CONVERSION = YES;
				CLANG_WARN_COMMA = YES;
				CLANG_WARN_CONSTANT_CONVERSION = YES;
				CLANG_WARN_DEPRECATED_OBJC_IMPLEMENTATIONS = YES;
				CLANG_WARN_DIRECT_OBJC_ISA_USAGE = YES_ERROR;
				CLANG_WARN_DOCUMENTATION_COMMENTS = YES;
				CLANG_WARN_EMPTY_BODY = YES;
				CLANG_WARN_ENUM_CONVERSION = YES;
				CLANG_WARN_INFINITE_RECURSION = YES;
				CLANG_WARN_INT_CONVERSION = YES;
				CLANG_WARN_NON_LITERAL_NULL_CONVERSION = YES;
				CLANG_WARN_OBJC_IMPLICIT_RETAIN_SELF = YES;
				CLANG_WARN_OBJC_LITERAL_CONVERSION = YES;
				CLANG_WARN_OBJC_ROOT_CLASS = YES_ERROR;
				CLANG_WARN_RANGE_LOOP_ANALYSIS = YES;
				CLANG_WARN_STRICT_PROTOTYPES = YES;
				CLANG_WARN_SUSPICIOUS_MOVE = YES;
				CLANG_WARN_UNGUARDED_AVAILABILITY = YES_AGGRESSIVE;
				CLANG_WARN_UNREACHABLE_CODE = YES;
				CLANG_WARN__DUPLICATE_METHOD_MATCH = YES;
				COPY_PHASE_STRIP = NO;
				DEBUG_INFORMATION_FORMAT = dwarf;
				ENABLE_STRICT_OBJC_MSGSEND = YES;
				ENABLE_TESTABILITY = YES;
				GCC_C_LANGUAGE_STANDARD = gnu11;
				GCC_DYNAMIC_NO_PIC = NO;
				GCC_NO_COMMON_BLOCKS = YES;
				GCC_OPTIMIZATION_LEVEL = 0;
				GCC_PREPROCESSOR_DEFINITIONS = (
					"DEBUG=1",
					"$(inherited)",
				);
				GCC_WARN_64_TO_32_BIT_CONVERSION = YES;
				GCC_WARN_ABOUT_RETURN_TYPE = YES_ERROR;
				GCC_WARN_UNDECLARED_SELECTOR = YES;
				GCC_WARN_UNINITIALIZED_AUTOS = YES_AGGRESSIVE;
				GCC_WARN_UNUSED_FUNCTION = YES;
				GCC_WARN_UNUSED_VARIABLE = YES;
				IPHONEOS_DEPLOYMENT_TARGET = 13.2;
				MTL_ENABLE_DEBUG_INFO = INCLUDE_SOURCE;
				MTL_FAST_MATH = YES;
				ONLY_ACTIVE_ARCH = YES;
				SDKROOT = iphoneos;
				SWIFT_ACTIVE_COMPILATION_CONDITIONS = DEBUG;
				SWIFT_OPTIMIZATION_LEVEL = "-Onone";
			};
			name = Debug;
		};
		64C433BF241D077900BD9F18 /* Release */ = {
			isa = XCBuildConfiguration;
			buildSettings = {
				ALWAYS_SEARCH_USER_PATHS = NO;
				CLANG_ANALYZER_NONNULL = YES;
				CLANG_ANALYZER_NUMBER_OBJECT_CONVERSION = YES_AGGRESSIVE;
				CLANG_CXX_LANGUAGE_STANDARD = "gnu++14";
				CLANG_CXX_LIBRARY = "libc++";
				CLANG_ENABLE_MODULES = YES;
				CLANG_ENABLE_OBJC_ARC = YES;
				CLANG_ENABLE_OBJC_WEAK = YES;
				CLANG_WARN_BLOCK_CAPTURE_AUTORELEASING = YES;
				CLANG_WARN_BOOL_CONVERSION = YES;
				CLANG_WARN_COMMA = YES;
				CLANG_WARN_CONSTANT_CONVERSION = YES;
				CLANG_WARN_DEPRECATED_OBJC_IMPLEMENTATIONS = YES;
				CLANG_WARN_DIRECT_OBJC_ISA_USAGE = YES_ERROR;
				CLANG_WARN_DOCUMENTATION_COMMENTS = YES;
				CLANG_WARN_EMPTY_BODY = YES;
				CLANG_WARN_ENUM_CONVERSION = YES;
				CLANG_WARN_INFINITE_RECURSION = YES;
				CLANG_WARN_INT_CONVERSION = YES;
				CLANG_WARN_NON_LITERAL_NULL_CONVERSION = YES;
				CLANG_WARN_OBJC_IMPLICIT_RETAIN_SELF = YES;
				CLANG_WARN_OBJC_LITERAL_CONVERSION = YES;
				CLANG_WARN_OBJC_ROOT_CLASS = YES_ERROR;
				CLANG_WARN_RANGE_LOOP_ANALYSIS = YES;
				CLANG_WARN_STRICT_PROTOTYPES = YES;
				CLANG_WARN_SUSPICIOUS_MOVE = YES;
				CLANG_WARN_UNGUARDED_AVAILABILITY = YES_AGGRESSIVE;
				CLANG_WARN_UNREACHABLE_CODE = YES;
				CLANG_WARN__DUPLICATE_METHOD_MATCH = YES;
				COPY_PHASE_STRIP = NO;
				DEBUG_INFORMATION_FORMAT = "dwarf-with-dsym";
				ENABLE_NS_ASSERTIONS = NO;
				ENABLE_STRICT_OBJC_MSGSEND = YES;
				GCC_C_LANGUAGE_STANDARD = gnu11;
				GCC_NO_COMMON_BLOCKS = YES;
				GCC_WARN_64_TO_32_BIT_CONVERSION = YES;
				GCC_WARN_ABOUT_RETURN_TYPE = YES_ERROR;
				GCC_WARN_UNDECLARED_SELECTOR = YES;
				GCC_WARN_UNINITIALIZED_AUTOS = YES_AGGRESSIVE;
				GCC_WARN_UNUSED_FUNCTION = YES;
				GCC_WARN_UNUSED_VARIABLE = YES;
				IPHONEOS_DEPLOYMENT_TARGET = 13.2;
				MTL_ENABLE_DEBUG_INFO = NO;
				MTL_FAST_MATH = YES;
				SDKROOT = iphoneos;
				SWIFT_COMPILATION_MODE = wholemodule;
				SWIFT_OPTIMIZATION_LEVEL = "-O";
				VALIDATE_PRODUCT = YES;
			};
			name = Release;
		};
		64C433C1241D077900BD9F18 /* Debug */ = {
			isa = XCBuildConfiguration;
			baseConfigurationReference = EA7F97EE1314C4D605731EDE /* Pods-Rick And Morty.debug.xcconfig */;
			buildSettings = {
				ASSETCATALOG_COMPILER_APPICON_NAME = AppIcon;
				CODE_SIGN_STYLE = Automatic;
				DEVELOPMENT_TEAM = PXRCZGZUFL;
				INFOPLIST_FILE = "$(SRCROOT)/Rick And Morty/Resources/Info.plist";
				IPHONEOS_DEPLOYMENT_TARGET = 11.0;
				LD_RUNPATH_SEARCH_PATHS = (
					"$(inherited)",
					"@executable_path/Frameworks",
				);
				PRODUCT_BUNDLE_IDENTIFIER = "by.anton.babich.Rick-And-Morty";
				PRODUCT_NAME = "$(TARGET_NAME)";
				SWIFT_VERSION = 5.0;
				TARGETED_DEVICE_FAMILY = "1,2";
			};
			name = Debug;
		};
		64C433C2241D077900BD9F18 /* Release */ = {
			isa = XCBuildConfiguration;
			baseConfigurationReference = 3536ACF0184434918362029F /* Pods-Rick And Morty.release.xcconfig */;
			buildSettings = {
				ASSETCATALOG_COMPILER_APPICON_NAME = AppIcon;
				CODE_SIGN_STYLE = Automatic;
				DEVELOPMENT_TEAM = PXRCZGZUFL;
				INFOPLIST_FILE = "$(SRCROOT)/Rick And Morty/Resources/Info.plist";
				IPHONEOS_DEPLOYMENT_TARGET = 11.0;
				LD_RUNPATH_SEARCH_PATHS = (
					"$(inherited)",
					"@executable_path/Frameworks",
				);
				PRODUCT_BUNDLE_IDENTIFIER = "by.anton.babich.Rick-And-Morty";
				PRODUCT_NAME = "$(TARGET_NAME)";
				SWIFT_VERSION = 5.0;
				TARGETED_DEVICE_FAMILY = "1,2";
			};
			name = Release;
		};
/* End XCBuildConfiguration section */

/* Begin XCConfigurationList section */
		64C433A7241D077700BD9F18 /* Build configuration list for PBXProject "Rick And Morty" */ = {
			isa = XCConfigurationList;
			buildConfigurations = (
				64C433BE241D077900BD9F18 /* Debug */,
				64C433BF241D077900BD9F18 /* Release */,
			);
			defaultConfigurationIsVisible = 0;
			defaultConfigurationName = Release;
		};
		64C433C0241D077900BD9F18 /* Build configuration list for PBXNativeTarget "Rick And Morty" */ = {
			isa = XCConfigurationList;
			buildConfigurations = (
				64C433C1241D077900BD9F18 /* Debug */,
				64C433C2241D077900BD9F18 /* Release */,
			);
			defaultConfigurationIsVisible = 0;
			defaultConfigurationName = Release;
		};
/* End XCConfigurationList section */
	};
	rootObject = 64C433A4241D077700BD9F18 /* Project object */;
}
